
Microsoft Visual Studio Solution File, Format Version 12.00
# Visual Studio Version 17
VisualStudioVersion = 17.12.35707.178
MinimumVisualStudioVersion = 10.0.40219.1
Project("{FAE04EC0-301F-11D3-BF4B-00C04F79EFBC}") = "ProjectManager.Business", "ProjectManager.Business\ProjectManager.Business.csproj", "{834333BF-7D03-42FA-9DAA-24EE47C5DA57}"
EndProject
Project("{FAE04EC0-301F-11D3-BF4B-00C04F79EFBC}") = "ProjectManager.Data", "ProjectManager.Data\ProjectManager.Data.csproj", "{6537D5F2-2A35-470F-BABD-A3E339786273}"
EndProject
Project("{FAE04EC0-301F-11D3-BF4B-00C04F79EFBC}") = "Presentation", "Presentation\Presentation.csproj", "{DE850F89-D445-4B3D-8BD5-879E567F8CE1}"
EndProject
Project("{FAE04EC0-301F-11D3-BF4B-00C04F79EFBC}") = "Web_API", "Web_API\Web_API.csproj", "{2681B2E6-978C-40A6-8B8D-631AE93438CC}"
EndProject
Global
	GlobalSection(SolutionConfigurationPlatforms) = preSolution
		Debug|Any CPU = Debug|Any CPU
		Release|Any CPU = Release|Any CPU
	EndGlobalSection
	GlobalSection(ProjectConfigurationPlatforms) = postSolution
		{834333BF-7D03-42FA-9DAA-24EE47C5DA57}.Debug|Any CPU.ActiveCfg = Debug|Any CPU
		{834333BF-7D03-42FA-9DAA-24EE47C5DA57}.Debug|Any CPU.Build.0 = Debug|Any CPU
		{834333BF-7D03-42FA-9DAA-24EE47C5DA57}.Release|Any CPU.ActiveCfg = Release|Any CPU
		{834333BF-7D03-42FA-9DAA-24EE47C5DA57}.Release|Any CPU.Build.0 = Release|Any CPU
		{6537D5F2-2A35-470F-BABD-A3E339786273}.Debug|Any CPU.ActiveCfg = Debug|Any CPU
		{6537D5F2-2A35-470F-BABD-A3E339786273}.Debug|Any CPU.Build.0 = Debug|Any CPU
		{6537D5F2-2A35-470F-BABD-A3E339786273}.Release|Any CPU.ActiveCfg = Release|Any CPU
		{6537D5F2-2A35-470F-BABD-A3E339786273}.Release|Any CPU.Build.0 = Release|Any CPU
		{DE850F89-D445-4B3D-8BD5-879E567F8CE1}.Debug|Any CPU.ActiveCfg = Debug|Any CPU
		{DE850F89-D445-4B3D-8BD5-879E567F8CE1}.Debug|Any CPU.Build.0 = Debug|Any CPU
		{DE850F89-D445-4B3D-8BD5-879E567F8CE1}.Release|Any CPU.ActiveCfg = Release|Any CPU
		{DE850F89-D445-4B3D-8BD5-879E567F8CE1}.Release|Any CPU.Build.0 = Release|Any CPU
		{2681B2E6-978C-40A6-8B8D-631AE93438CC}.Debug|Any CPU.ActiveCfg = Debug|Any CPU
		{2681B2E6-978C-40A6-8B8D-631AE93438CC}.Debug|Any CPU.Build.0 = Debug|Any CPU
		{2681B2E6-978C-40A6-8B8D-631AE93438CC}.Release|Any CPU.ActiveCfg = Release|Any CPU
		{2681B2E6-978C-40A6-8B8D-631AE93438CC}.Release|Any CPU.Build.0 = Release|Any CPU
	EndGlobalSection
	GlobalSection(SolutionProperties) = preSolution
		HideSolutionNode = FALSE
	EndGlobalSection
EndGlobal
